// !$*UTF8*$!
{
	archiveVersion = 1;
	classes = {
	};
	objectVersion = 77;
	objects = {

/* Begin PBXContainerItemProxy section */
		E14C6B352CCA650200D0CB82 /* PBXContainerItemProxy */ = {
			isa = PBXContainerItemProxy;
			containerPortal = E14C6B182CCA650000D0CB82 /* Project object */;
			proxyType = 1;
			remoteGlobalIDString = E14C6B1F2CCA650100D0CB82;
			remoteInfo = "Water Tracker";
		};
		E14C6B3F2CCA650200D0CB82 /* PBXContainerItemProxy */ = {
			isa = PBXContainerItemProxy;
			containerPortal = E14C6B182CCA650000D0CB82 /* Project object */;
			proxyType = 1;
			remoteGlobalIDString = E14C6B1F2CCA650100D0CB82;
			remoteInfo = "Water Tracker";
		};
/* End PBXContainerItemProxy section */

/* Begin PBXFileReference section */
		E14C6B202CCA650100D0CB82 /* Water Tracker.app */ = {isa = PBXFileReference; explicitFileType = wrapper.application; includeInIndex = 0; path = "Water Tracker.app"; sourceTree = BUILT_PRODUCTS_DIR; };
		E14C6B342CCA650200D0CB82 /* Water TrackerTests.xctest */ = {isa = PBXFileReference; explicitFileType = wrapper.cfbundle; includeInIndex = 0; path = "Water TrackerTests.xctest"; sourceTree = BUILT_PRODUCTS_DIR; };
		E14C6B3E2CCA650200D0CB82 /* Water TrackerUITests.xctest */ = {isa = PBXFileReference; explicitFileType = wrapper.cfbundle; includeInIndex = 0; path = "Water TrackerUITests.xctest"; sourceTree = BUILT_PRODUCTS_DIR; };
/* End PBXFileReference section */

/* Begin PBXFileSystemSynchronizedBuildFileExceptionSet section */
		E14C6B462CCA650200D0CB82 /* Exceptions for "Water Tracker" folder in "Water Tracker" target */ = {
			isa = PBXFileSystemSynchronizedBuildFileExceptionSet;
			membershipExceptions = (
				Info.plist,
			);
			target = E14C6B1F2CCA650100D0CB82 /* Water Tracker */;
		};
/* End PBXFileSystemSynchronizedBuildFileExceptionSet section */

/* Begin PBXFileSystemSynchronizedRootGroup section */
		E14C6B222CCA650100D0CB82 /* Water Tracker */ = {
			isa = PBXFileSystemSynchronizedRootGroup;
			exceptions = (
				E14C6B462CCA650200D0CB82 /* Exceptions for "Water Tracker" folder in "Water Tracker" target */,
			);
			path = "Water Tracker";
			sourceTree = "<group>";
		};
		E14C6B372CCA650200D0CB82 /* Water TrackerTests */ = {
			isa = PBXFileSystemSynchronizedRootGroup;
			path = "Water TrackerTests";
			sourceTree = "<group>";
		};
		E14C6B412CCA650200D0CB82 /* Water TrackerUITests */ = {
			isa = PBXFileSystemSynchronizedRootGroup;
			path = "Water TrackerUITests";
			sourceTree = "<group>";
		};
/* End PBXFileSystemSynchronizedRootGroup section */

/* Begin PBXFrameworksBuildPhase section */
		E14C6B1D2CCA650100D0CB82 /* Frameworks */ = {
			isa = PBXFrameworksBuildPhase;
			buildActionMask = 2147483647;
			files = (
			);
			runOnlyForDeploymentPostprocessing = 0;
		};
		E14C6B312CCA650200D0CB82 /* Frameworks */ = {
			isa = PBXFrameworksBuildPhase;
			buildActionMask = 2147483647;
			files = (
			);
			runOnlyForDeploymentPostprocessing = 0;
		};
		E14C6B3B2CCA650200D0CB82 /* Frameworks */ = {
			isa = PBXFrameworksBuildPhase;
			buildActionMask = 2147483647;
			files = (
			);
			runOnlyForDeploymentPostprocessing = 0;
		};
/* End PBXFrameworksBuildPhase section */

/* Begin PBXGroup section */
		E14C6B172CCA650000D0CB82 = {
			isa = PBXGroup;
			children = (
				E14C6B222CCA650100D0CB82 /* Water Tracker */,
				E14C6B372CCA650200D0CB82 /* Water TrackerTests */,
				E14C6B412CCA650200D0CB82 /* Water TrackerUITests */,
				E14C6B212CCA650100D0CB82 /* Products */,
			);
			sourceTree = "<group>";
		};
		E14C6B212CCA650100D0CB82 /* Products */ = {
			isa = PBXGroup;
			children = (
				E14C6B202CCA650100D0CB82 /* Water Tracker.app */,
				E14C6B342CCA650200D0CB82 /* Water TrackerTests.xctest */,
				E14C6B3E2CCA650200D0CB82 /* Water TrackerUITests.xctest */,
			);
			name = Products;
			sourceTree = "<group>";
		};
/* End PBXGroup section */

/* Begin PBXNativeTarget section */
		E14C6B1F2CCA650100D0CB82 /* Water Tracker */ = {
			isa = PBXNativeTarget;
			buildConfigurationList = E14C6B472CCA650200D0CB82 /* Build configuration list for PBXNativeTarget "Water Tracker" */;
			buildPhases = (
				E14C6B1C2CCA650100D0CB82 /* Sources */,
				E14C6B1D2CCA650100D0CB82 /* Frameworks */,
				E14C6B1E2CCA650100D0CB82 /* Resources */,
			);
			buildRules = (
			);
			dependencies = (
			);
			fileSystemSynchronizedGroups = (
				E14C6B222CCA650100D0CB82 /* Water Tracker */,
			);
			name = "Water Tracker";
			packageProductDependencies = (
			);
			productName = "Water Tracker";
			productReference = E14C6B202CCA650100D0CB82 /* Water Tracker.app */;
			productType = "com.apple.product-type.application";
		};
		E14C6B332CCA650200D0CB82 /* Water TrackerTests */ = {
			isa = PBXNativeTarget;
			buildConfigurationList = E14C6B4C2CCA650200D0CB82 /* Build configuration list for PBXNativeTarget "Water TrackerTests" */;
			buildPhases = (
				E14C6B302CCA650200D0CB82 /* Sources */,
				E14C6B312CCA650200D0CB82 /* Frameworks */,
				E14C6B322CCA650200D0CB82 /* Resources */,
			);
			buildRules = (
			);
			dependencies = (
				E14C6B362CCA650200D0CB82 /* PBXTargetDependency */,
			);
			fileSystemSynchronizedGroups = (
				E14C6B372CCA650200D0CB82 /* Water TrackerTests */,
			);
			name = "Water TrackerTests";
			packageProductDependencies = (
			);
			productName = "Water TrackerTests";
			productReference = E14C6B342CCA650200D0CB82 /* Water TrackerTests.xctest */;
			productType = "com.apple.product-type.bundle.unit-test";
		};
		E14C6B3D2CCA650200D0CB82 /* Water TrackerUITests */ = {
			isa = PBXNativeTarget;
			buildConfigurationList = E14C6B4F2CCA650200D0CB82 /* Build configuration list for PBXNativeTarget "Water TrackerUITests" */;
			buildPhases = (
				E14C6B3A2CCA650200D0CB82 /* Sources */,
				E14C6B3B2CCA650200D0CB82 /* Frameworks */,
				E14C6B3C2CCA650200D0CB82 /* Resources */,
			);
			buildRules = (
			);
			dependencies = (
				E14C6B402CCA650200D0CB82 /* PBXTargetDependency */,
			);
			fileSystemSynchronizedGroups = (
				E14C6B412CCA650200D0CB82 /* Water TrackerUITests */,
			);
			name = "Water TrackerUITests";
			packageProductDependencies = (
			);
			productName = "Water TrackerUITests";
			productReference = E14C6B3E2CCA650200D0CB82 /* Water TrackerUITests.xctest */;
			productType = "com.apple.product-type.bundle.ui-testing";
		};
/* End PBXNativeTarget section */

/* Begin PBXProject section */
		E14C6B182CCA650000D0CB82 /* Project object */ = {
			isa = PBXProject;
			attributes = {
				BuildIndependentTargetsInParallel = 1;
				LastSwiftUpdateCheck = 1600;
				LastUpgradeCheck = 1600;
				TargetAttributes = {
					E14C6B1F2CCA650100D0CB82 = {
						CreatedOnToolsVersion = 16.0;
					};
					E14C6B332CCA650200D0CB82 = {
						CreatedOnToolsVersion = 16.0;
						TestTargetID = E14C6B1F2CCA650100D0CB82;
					};
					E14C6B3D2CCA650200D0CB82 = {
						CreatedOnToolsVersion = 16.0;
						TestTargetID = E14C6B1F2CCA650100D0CB82;
					};
				};
			};
			buildConfigurationList = E14C6B1B2CCA650000D0CB82 /* Build configuration list for PBXProject "Water Tracker" */;
			developmentRegion = en;
			hasScannedForEncodings = 0;
			knownRegions = (
				en,
				Base,
			);
			mainGroup = E14C6B172CCA650000D0CB82;
			minimizedProjectReferenceProxies = 1;
			preferredProjectObjectVersion = 77;
			productRefGroup = E14C6B212CCA650100D0CB82 /* Products */;
			projectDirPath = "";
			projectRoot = "";
			targets = (
				E14C6B1F2CCA650100D0CB82 /* Water Tracker */,
				E14C6B332CCA650200D0CB82 /* Water TrackerTests */,
				E14C6B3D2CCA650200D0CB82 /* Water TrackerUITests */,
			);
		};
/* End PBXProject section */

/* Begin PBXResourcesBuildPhase section */
		E14C6B1E2CCA650100D0CB82 /* Resources */ = {
			isa = PBXResourcesBuildPhase;
			buildActionMask = 2147483647;
			files = (
			);
			runOnlyForDeploymentPostprocessing = 0;
		};
		E14C6B322CCA650200D0CB82 /* Resources */ = {
			isa = PBXResourcesBuildPhase;
			buildActionMask = 2147483647;
			files = (
			);
			runOnlyForDeploymentPostprocessing = 0;
		};
		E14C6B3C2CCA650200D0CB82 /* Resources */ = {
			isa = PBXResourcesBuildPhase;
			buildActionMask = 2147483647;
			files = (
			);
			runOnlyForDeploymentPostprocessing = 0;
		};
/* End PBXResourcesBuildPhase section */

/* Begin PBXSourcesBuildPhase section */
		E14C6B1C2CCA650100D0CB82 /* Sources */ = {
			isa = PBXSourcesBuildPhase;
			buildActionMask = 2147483647;
			files = (
			);
			runOnlyForDeploymentPostprocessing = 0;
		};
		E14C6B302CCA650200D0CB82 /* Sources */ = {
			isa = PBXSourcesBuildPhase;
			buildActionMask = 2147483647;
			files = (
			);
			runOnlyForDeploymentPostprocessing = 0;
		};
		E14C6B3A2CCA650200D0CB82 /* Sources */ = {
			isa = PBXSourcesBuildPhase;
			buildActionMask = 2147483647;
			files = (
			);
			runOnlyForDeploymentPostprocessing = 0;
		};
/* End PBXSourcesBuildPhase section */

/* Begin PBXTargetDependency section */
		E14C6B362CCA650200D0CB82 /* PBXTargetDependency */ = {
			isa = PBXTargetDependency;
			target = E14C6B1F2CCA650100D0CB82 /* Water Tracker */;
			targetProxy = E14C6B352CCA650200D0CB82 /* PBXContainerItemProxy */;
		};
		E14C6B402CCA650200D0CB82 /* PBXTargetDependency */ = {
			isa = PBXTargetDependency;
			target = E14C6B1F2CCA650100D0CB82 /* Water Tracker */;
			targetProxy = E14C6B3F2CCA650200D0CB82 /* PBXContainerItemProxy */;
		};
/* End PBXTargetDependency section */

/* Begin XCBuildConfiguration section */
		E14C6B482CCA650200D0CB82 /* Debug */ = {
			isa = XCBuildConfiguration;
			buildSettings = {
				ASSETCATALOG_COMPILER_APPICON_NAME = AppIcon;
				ASSETCATALOG_COMPILER_GLOBAL_ACCENT_COLOR_NAME = AccentColor;
				CODE_SIGN_ENTITLEMENTS = "Water Tracker/Water_Tracker.entitlements";
				CODE_SIGN_STYLE = Automatic;
				CURRENT_PROJECT_VERSION = 1;
				DEVELOPMENT_ASSET_PATHS = "\"Water Tracker/Preview Content\"";
				ENABLE_PREVIEWS = YES;
				GENERATE_INFOPLIST_FILE = YES;
				INFOPLIST_FILE = "Water Tracker/Info.plist";
				INFOPLIST_KEY_UIApplicationSceneManifest_Generation = YES;
				INFOPLIST_KEY_UIApplicationSupportsIndirectInputEvents = YES;
				INFOPLIST_KEY_UILaunchScreen_Generation = YES;
				INFOPLIST_KEY_UISupportedInterfaceOrientations_iPad = "UIInterfaceOrientationPortrait UIInterfaceOrientationPortraitUpsideDown UIInterfaceOrientationLandscapeLeft UIInterfaceOrientationLandscapeRight";
				INFOPLIST_KEY_UISupportedInterfaceOrientations_iPhone = "UIInterfaceOrientationPortrait UIInterfaceOrientationLandscapeLeft UIInterfaceOrientationLandscapeRight";
				LD_RUNPATH_SEARCH_PATHS = (
					"$(inherited)",
					"@executable_path/Frameworks",
				);
				MARKETING_VERSION = 1.0;
				PRODUCT_BUNDLE_IDENTIFIER = "-.Water-Tracker";
				PRODUCT_NAME = "$(TARGET_NAME)";
				SWIFT_EMIT_LOC_STRINGS = YES;
				SWIFT_VERSION = 5.0;
				TARGETED_DEVICE_FAMILY = "1,2";
			};
			name = Debug;
		};
		E14C6B492CCA650200D0CB82 /* Release */ = {
			isa = XCBuildConfiguration;
			buildSettings = {
				ASSETCATALOG_COMPILER_APPICON_NAME = AppIcon;
				ASSETCATALOG_COMPILER_GLOBAL_ACCENT_COLOR_NAME = AccentColor;
				CODE_SIGN_ENTITLEMENTS = "Water Tracker/Water_Tracker.entitlements";
				CODE_SIGN_STYLE = Automatic;
				CURRENT_PROJECT_VERSION = 1;
				DEVELOPMENT_ASSET_PATHS = "\"Water Tracker/Preview Content\"";
				ENABLE_PREVIEWS = YES;
				GENERATE_INFOPLIST_FILE = YES;
				INFOPLIST_FILE = "Water Tracker/Info.plist";
				INFOPLIST_KEY_UIApplicationSceneManifest_Generation = YES;
				INFOPLIST_KEY_UIApplicationSupportsIndirectInputEvents = YES;
				INFOPLIST_KEY_UILaunchScreen_Generation = YES;
				INFOPLIST_KEY_UISupportedInterfaceOrientations_iPad = "UIInterfaceOrientationPortrait UIInterfaceOrientationPortraitUpsideDown UIInterfaceOrientationLandscapeLeft UIInterfaceOrientationLandscapeRight";
				INFOPLIST_KEY_UISupportedInterfaceOrientations_iPhone = "UIInterfaceOrientationPortrait UIInterfaceOrientationLandscapeLeft UIInterfaceOrientationLandscapeRight";
				LD_RUNPATH_SEARCH_PATHS = (
					"$(inherited)",
					"@executable_path/Frameworks",
				);
				MARKETING_VERSION = 1.0;
				PRODUCT_BUNDLE_IDENTIFIER = "-.Water-Tracker";
				PRODUCT_NAME = "$(TARGET_NAME)";
				SWIFT_EMIT_LOC_STRINGS = YES;
				SWIFT_VERSION = 5.0;
				TARGETED_DEVICE_FAMILY = "1,2";
			};
			name = Release;
		};
		E14C6B4A2CCA650200D0CB82 /* Debug */ = {
			isa = XCBuildConfiguration;
			buildSettings = {
				ALWAYS_SEARCH_USER_PATHS = NO;
				ASSETCATALOG_COMPILER_GENERATE_SWIFT_ASSET_SYMBOL_EXTENSIONS = YES;
				CLANG_ANALYZER_NONNULL = YES;
				CLANG_ANALYZER_NUMBER_OBJECT_CONVERSION = YES_AGGRESSIVE;
				CLANG_CXX_LANGUAGE_STANDARD = "gnu++20";
				CLANG_ENABLE_MODULES = YES;
				CLANG_ENABLE_OBJC_ARC = YES;
				CLANG_ENABLE_OBJC_WEAK = YES;
				CLANG_WARN_BLOCK_CAPTURE_AUTORELEASING = YES;
				CLANG_WARN_BOOL_CONVERSION = YES;
				CLANG_WARN_COMMA = YES;
				CLANG_WARN_CONSTANT_CONVERSION = YES;
				CLANG_WARN_DEPRECATED_OBJC_IMPLEMENTATIONS = YES;
				CLANG_WARN_DIRECT_OBJC_ISA_USAGE = YES_ERROR;
				CLANG_WARN_DOCUMENTATION_COMMENTS = YES;
				CLANG_WARN_EMPTY_BODY = YES;
				CLANG_WARN_ENUM_CONVERSION = YES;
				CLANG_WARN_INFINITE_RECURSION = YES;
				CLANG_WARN_INT_CONVERSION = YES;
				CLANG_WARN_NON_LITERAL_NULL_CONVERSION = YES;
				CLANG_WARN_OBJC_IMPLICIT_RETAIN_SELF = YES;
				CLANG_WARN_OBJC_LITERAL_CONVERSION = YES;
				CLANG_WARN_OBJC_ROOT_CLASS = YES_ERROR;
				CLANG_WARN_QUOTED_INCLUDE_IN_FRAMEWORK_HEADER = YES;
				CLANG_WARN_RANGE_LOOP_ANALYSIS = YES;
				CLANG_WARN_STRICT_PROTOTYPES = YES;
				CLANG_WARN_SUSPICIOUS_MOVE = YES;
				CLANG_WARN_UNGUARDED_AVAILABILITY = YES_AGGRESSIVE;
				CLANG_WARN_UNREACHABLE_CODE = YES;
				CLANG_WARN__DUPLICATE_METHOD_MATCH = YES;
				COPY_PHASE_STRIP = NO;
				DEBUG_INFORMATION_FORMAT = dwarf;
				ENABLE_STRICT_OBJC_MSGSEND = YES;
				ENABLE_TESTABILITY = YES;
				ENABLE_USER_SCRIPT_SANDBOXING = YES;
				GCC_C_LANGUAGE_STANDARD = gnu17;
				GCC_DYNAMIC_NO_PIC = NO;
				GCC_NO_COMMON_BLOCKS = YES;
				GCC_OPTIMIZATION_LEVEL = 0;
				GCC_PREPROCESSOR_DEFINITIONS = (
					"DEBUG=1",
					"$(inherited)",
				);
				GCC_WARN_64_TO_32_BIT_CONVERSION = YES;
				GCC_WARN_ABOUT_RETURN_TYPE = YES_ERROR;
				GCC_WARN_UNDECLARED_SELECTOR = YES;
				GCC_WARN_UNINITIALIZED_AUTOS = YES_AGGRESSIVE;
				GCC_WARN_UNUSED_FUNCTION = YES;
				GCC_WARN_UNUSED_VARIABLE = YES;
				IPHONEOS_DEPLOYMENT_TARGET = 18.0;
				LOCALIZATION_PREFERS_STRING_CATALOGS = YES;
				MTL_ENABLE_DEBUG_INFO = INCLUDE_SOURCE;
				MTL_FAST_MATH = YES;
				ONLY_ACTIVE_ARCH = YES;
				SDKROOT = iphoneos;
				SWIFT_ACTIVE_COMPILATION_CONDITIONS = "DEBUG $(inherited)";
				SWIFT_OPTIMIZATION_LEVEL = "-Onone";
			};
			name = Debug;
		};
		E14C6B4B2CCA650200D0CB82 /* Release */ = {
			isa = XCBuildConfiguration;
			buildSettings = {
				ALWAYS_SEARCH_USER_PATHS = NO;
				ASSETCATALOG_COMPILER_GENERATE_SWIFT_ASSET_SYMBOL_EXTENSIONS = YES;
				CLANG_ANALYZER_NONNULL = YES;
				CLANG_ANALYZER_NUMBER_OBJECT_CONVERSION = YES_AGGRESSIVE;
				CLANG_CXX_LANGUAGE_STANDARD = "gnu++20";
				CLANG_ENABLE_MODULES = YES;
				CLANG_ENABLE_OBJC_ARC = YES;
				CLANG_ENABLE_OBJC_WEAK = YES;
				CLANG_WARN_BLOCK_CAPTURE_AUTORELEASING = YES;
				CLANG_WARN_BOOL_CONVERSION = YES;
				CLANG_WARN_COMMA = YES;
				CLANG_WARN_CONSTANT_CONVERSION = YES;
				CLANG_WARN_DEPRECATED_OBJC_IMPLEMENTATIONS = YES;
				CLANG_WARN_DIRECT_OBJC_ISA_USAGE = YES_ERROR;
				CLANG_WARN_DOCUMENTATION_COMMENTS = YES;
				CLANG_WARN_EMPTY_BODY = YES;
				CLANG_WARN_ENUM_CONVERSION = YES;
				CLANG_WARN_INFINITE_RECURSION = YES;
				CLANG_WARN_INT_CONVERSION = YES;
				CLANG_WARN_NON_LITERAL_NULL_CONVERSION = YES;
				CLANG_WARN_OBJC_IMPLICIT_RETAIN_SELF = YES;
				CLANG_WARN_OBJC_LITERAL_CONVERSION = YES;
				CLANG_WARN_OBJC_ROOT_CLASS = YES_ERROR;
				CLANG_WARN_QUOTED_INCLUDE_IN_FRAMEWORK_HEADER = YES;
				CLANG_WARN_RANGE_LOOP_ANALYSIS = YES;
				CLANG_WARN_STRICT_PROTOTYPES = YES;
				CLANG_WARN_SUSPICIOUS_MOVE = YES;
				CLANG_WARN_UNGUARDED_AVAILABILITY = YES_AGGRESSIVE;
				CLANG_WARN_UNREACHABLE_CODE = YES;
				CLANG_WARN__DUPLICATE_METHOD_MATCH = YES;
				COPY_PHASE_STRIP = NO;
				DEBUG_INFORMATION_FORMAT = "dwarf-with-dsym";
				ENABLE_NS_ASSERTIONS = NO;
				ENABLE_STRICT_OBJC_MSGSEND = YES;
				ENABLE_USER_SCRIPT_SANDBOXING = YES;
				GCC_C_LANGUAGE_STANDARD = gnu17;
				GCC_NO_COMMON_BLOCKS = YES;
				GCC_WARN_64_TO_32_BIT_CONVERSION = YES;
				GCC_WARN_ABOUT_RETURN_TYPE = YES_ERROR;
				GCC_WARN_UNDECLARED_SELECTOR = YES;
				GCC_WARN_UNINITIALIZED_AUTOS = YES_AGGRESSIVE;
				GCC_WARN_UNUSED_FUNCTION = YES;
				GCC_WARN_UNUSED_VARIABLE = YES;
				IPHONEOS_DEPLOYMENT_TARGET = 18.0;
				LOCALIZATION_PREFERS_STRING_CATALOGS = YES;
				MTL_ENABLE_DEBUG_INFO = NO;
				MTL_FAST_MATH = YES;
				SDKROOT = iphoneos;
				SWIFT_COMPILATION_MODE = wholemodule;
				VALIDATE_PRODUCT = YES;
			};
			name = Release;
		};
		E14C6B4D2CCA650200D0CB82 /* Debug */ = {
			isa = XCBuildConfiguration;
			buildSettings = {
				BUNDLE_LOADER = "$(TEST_HOST)";
				CODE_SIGN_STYLE = Automatic;
				CURRENT_PROJECT_VERSION = 1;
				GENERATE_INFOPLIST_FILE = YES;
				IPHONEOS_DEPLOYMENT_TARGET = 18.0;
				MARKETING_VERSION = 1.0;
				PRODUCT_BUNDLE_IDENTIFIER = "-.Water-TrackerTests";
				PRODUCT_NAME = "$(TARGET_NAME)";
				SWIFT_EMIT_LOC_STRINGS = NO;
				SWIFT_VERSION = 5.0;
				TARGETED_DEVICE_FAMILY = "1,2";
				TEST_HOST = "$(BUILT_PRODUCTS_DIR)/Water Tracker.app/$(BUNDLE_EXECUTABLE_FOLDER_PATH)/Water Tracker";
			};
			name = Debug;
		};
		E14C6B4E2CCA650200D0CB82 /* Release */ = {
			isa = XCBuildConfiguration;
			buildSettings = {
				BUNDLE_LOADER = "$(TEST_HOST)";
				CODE_SIGN_STYLE = Automatic;
				CURRENT_PROJECT_VERSION = 1;
				GENERATE_INFOPLIST_FILE = YES;
				IPHONEOS_DEPLOYMENT_TARGET = 18.0;
				MARKETING_VERSION = 1.0;
				PRODUCT_BUNDLE_IDENTIFIER = "-.Water-TrackerTests";
				PRODUCT_NAME = "$(TARGET_NAME)";
				SWIFT_EMIT_LOC_STRINGS = NO;
				SWIFT_VERSION = 5.0;
				TARGETED_DEVICE_FAMILY = "1,2";
				TEST_HOST = "$(BUILT_PRODUCTS_DIR)/Water Tracker.app/$(BUNDLE_EXECUTABLE_FOLDER_PATH)/Water Tracker";
			};
			name = Release;
		};
		E14C6B502CCA650200D0CB82 /* Debug */ = {
			isa = XCBuildConfiguration;
			buildSettings = {
				CODE_SIGN_STYLE = Automatic;
				CURRENT_PROJECT_VERSION = 1;
				GENERATE_INFOPLIST_FILE = YES;
				MARKETING_VERSION = 1.0;
				PRODUCT_BUNDLE_IDENTIFIER = "-.Water-TrackerUITests";
				PRODUCT_NAME = "$(TARGET_NAME)";
				SWIFT_EMIT_LOC_STRINGS = NO;
				SWIFT_VERSION = 5.0;
				TARGETED_DEVICE_FAMILY = "1,2";
				TEST_TARGET_NAME = "Water Tracker";
			};
			name = Debug;
		};
		E14C6B512CCA650200D0CB82 /* Release */ = {
			isa = XCBuildConfiguration;
			buildSettings = {
				CODE_SIGN_STYLE = Automatic;
				CURRENT_PROJECT_VERSION = 1;
				GENERATE_INFOPLIST_FILE = YES;
				MARKETING_VERSION = 1.0;
				PRODUCT_BUNDLE_IDENTIFIER = "-.Water-TrackerUITests";
				PRODUCT_NAME = "$(TARGET_NAME)";
				SWIFT_EMIT_LOC_STRINGS = NO;
				SWIFT_VERSION = 5.0;
				TARGETED_DEVICE_FAMILY = "1,2";
				TEST_TARGET_NAME = "Water Tracker";
			};
			name = Release;
		};
/* End XCBuildConfiguration section */

/* Begin XCConfigurationList section */
		E14C6B1B2CCA650000D0CB82 /* Build configuration list for PBXProject "Water Tracker" */ = {
			isa = XCConfigurationList;
			buildConfigurations = (
				E14C6B4A2CCA650200D0CB82 /* Debug */,
				E14C6B4B2CCA650200D0CB82 /* Release */,
			);
			defaultConfigurationIsVisible = 0;
			defaultConfigurationName = Release;
		};
		E14C6B472CCA650200D0CB82 /* Build configuration list for PBXNativeTarget "Water Tracker" */ = {
			isa = XCConfigurationList;
			buildConfigurations = (
				E14C6B482CCA650200D0CB82 /* Debug */,
				E14C6B492CCA650200D0CB82 /* Release */,
			);
			defaultConfigurationIsVisible = 0;
			defaultConfigurationName = Release;
		};
		E14C6B4C2CCA650200D0CB82 /* Build configuration list for PBXNativeTarget "Water TrackerTests" */ = {
			isa = XCConfigurationList;
			buildConfigurations = (
				E14C6B4D2CCA650200D0CB82 /* Debug */,
				E14C6B4E2CCA650200D0CB82 /* Release */,
			);
			defaultConfigurationIsVisible = 0;
			defaultConfigurationName = Release;
		};
		E14C6B4F2CCA650200D0CB82 /* Build configuration list for PBXNativeTarget "Water TrackerUITests" */ = {
			isa = XCConfigurationList;
			buildConfigurations = (
				E14C6B502CCA650200D0CB82 /* Debug */,
				E14C6B512CCA650200D0CB82 /* Release */,
			);
			defaultConfigurationIsVisible = 0;
			defaultConfigurationName = Release;
		};
/* End XCConfigurationList section */
	};
	rootObject = E14C6B182CCA650000D0CB82 /* Project object */;
}
